
Microsoft Visual Studio Solution File, Format Version 12.00
# Visual Studio 15
VisualStudioVersion = 15.0.28307.329
MinimumVisualStudioVersion = 10.0.40219.1
Project("{FAE04EC0-301F-11D3-BF4B-00C04F79EFBC}") = "Ordered Dictionary", "Ordered Dictionary\Ordered Dictionary.csproj", "{668960F2-D5EF-4492-A8B8-F09E1EE1D904}"
EndProject
Global
	GlobalSection(SolutionConfigurationPlatforms) = preSolution
		Debug|Any CPU = Debug|Any CPU
		Release|Any CPU = Release|Any CPU
	EndGlobalSection
	GlobalSection(ProjectConfigurationPlatforms) = postSolution
		{668960F2-D5EF-4492-A8B8-F09E1EE1D904}.Debug|Any CPU.ActiveCfg = Debug|Any CPU
		{668960F2-D5EF-4492-A8B8-F09E1EE1D904}.Debug|Any CPU.Build.0 = Debug|Any CPU
		{668960F2-D5EF-4492-A8B8-F09E1EE1D904}.Release|Any CPU.ActiveCfg = Release|Any CPU
		{668960F2-D5EF-4492-A8B8-F09E1EE1D904}.Release|Any CPU.Build.0 = Release|Any CPU
	EndGlobalSection
	GlobalSection(SolutionProperties) = preSolution
		HideSolutionNode = FALSE
	EndGlobalSection
	GlobalSection(ExtensibilityGlobals) = postSolution
		SolutionGuid = {4CF374A7-2631-4CED-8AA7-519259E4A322}
	EndGlobalSection
EndGlobal
