
Microsoft Visual Studio Solution File, Format Version 12.00
# Visual Studio 15
VisualStudioVersion = 15.0.28307.645
MinimumVisualStudioVersion = 10.0.40219.1
Project("{8BC9CEB8-8B4A-11D0-8D11-00A0C91BC942}") = "Kiara_Santana", "Kiara_Santana\Kiara_Santana.vcxproj", "{95A3B373-EC3F-440D-BD63-CFAF5A4246BC}"
EndProject
Global
	GlobalSection(SolutionConfigurationPlatforms) = preSolution
		Debug|x64 = Debug|x64
		Debug|x86 = Debug|x86
		Release|x64 = Release|x64
		Release|x86 = Release|x86
	EndGlobalSection
	GlobalSection(ProjectConfigurationPlatforms) = postSolution
		{95A3B373-EC3F-440D-BD63-CFAF5A4246BC}.Debug|x64.ActiveCfg = Debug|x64
		{95A3B373-EC3F-440D-BD63-CFAF5A4246BC}.Debug|x64.Build.0 = Debug|x64
		{95A3B373-EC3F-440D-BD63-CFAF5A4246BC}.Debug|x86.ActiveCfg = Debug|Win32
		{95A3B373-EC3F-440D-BD63-CFAF5A4246BC}.Debug|x86.Build.0 = Debug|Win32
		{95A3B373-EC3F-440D-BD63-CFAF5A4246BC}.Release|x64.ActiveCfg = Release|x64
		{95A3B373-EC3F-440D-BD63-CFAF5A4246BC}.Release|x64.Build.0 = Release|x64
		{95A3B373-EC3F-440D-BD63-CFAF5A4246BC}.Release|x86.ActiveCfg = Release|Win32
		{95A3B373-EC3F-440D-BD63-CFAF5A4246BC}.Release|x86.Build.0 = Release|Win32
	EndGlobalSection
	GlobalSection(SolutionProperties) = preSolution
		HideSolutionNode = FALSE
	EndGlobalSection
	GlobalSection(ExtensibilityGlobals) = postSolution
		SolutionGuid = {CDF20B2A-9A31-4F3F-B43C-EA15CB8EB130}
	EndGlobalSection
EndGlobal
