
Microsoft Visual Studio Solution File, Format Version 12.00
# Visual Studio 15
VisualStudioVersion = 15.0.28307.757
MinimumVisualStudioVersion = 10.0.40219.1
Project("{FAE04EC0-301F-11D3-BF4B-00C04F79EFBC}") = "HomeWorkVersion2", "HomeWorkVersion2\HomeWorkVersion2.csproj", "{C383D690-F12F-40F4-8577-7E2523004F3D}"
EndProject
Global
	GlobalSection(SolutionConfigurationPlatforms) = preSolution
		Debug|Any CPU = Debug|Any CPU
		Release|Any CPU = Release|Any CPU
	EndGlobalSection
	GlobalSection(ProjectConfigurationPlatforms) = postSolution
		{C383D690-F12F-40F4-8577-7E2523004F3D}.Debug|Any CPU.ActiveCfg = Debug|Any CPU
		{C383D690-F12F-40F4-8577-7E2523004F3D}.Debug|Any CPU.Build.0 = Debug|Any CPU
		{C383D690-F12F-40F4-8577-7E2523004F3D}.Release|Any CPU.ActiveCfg = Release|Any CPU
		{C383D690-F12F-40F4-8577-7E2523004F3D}.Release|Any CPU.Build.0 = Release|Any CPU
	EndGlobalSection
	GlobalSection(SolutionProperties) = preSolution
		HideSolutionNode = FALSE
	EndGlobalSection
	GlobalSection(ExtensibilityGlobals) = postSolution
		SolutionGuid = {1D606B2C-3C87-4089-A135-AF15AAE18716}
	EndGlobalSection
EndGlobal
