
Microsoft Visual Studio Solution File, Format Version 12.00
# Visual Studio 15
VisualStudioVersion = 15.0.28307.757
MinimumVisualStudioVersion = 10.0.40219.1
Project("{FAE04EC0-301F-11D3-BF4B-00C04F79EFBC}") = "Chess", "Chess\Chess.csproj", "{E5FE4815-6787-44AA-BB15-B20B456B21BA}"
EndProject
Global
	GlobalSection(SolutionConfigurationPlatforms) = preSolution
		Debug|Any CPU = Debug|Any CPU
		Release|Any CPU = Release|Any CPU
	EndGlobalSection
	GlobalSection(ProjectConfigurationPlatforms) = postSolution
		{E5FE4815-6787-44AA-BB15-B20B456B21BA}.Debug|Any CPU.ActiveCfg = Debug|Any CPU
		{E5FE4815-6787-44AA-BB15-B20B456B21BA}.Debug|Any CPU.Build.0 = Debug|Any CPU
		{E5FE4815-6787-44AA-BB15-B20B456B21BA}.Release|Any CPU.ActiveCfg = Release|Any CPU
		{E5FE4815-6787-44AA-BB15-B20B456B21BA}.Release|Any CPU.Build.0 = Release|Any CPU
	EndGlobalSection
	GlobalSection(SolutionProperties) = preSolution
		HideSolutionNode = FALSE
	EndGlobalSection
	GlobalSection(ExtensibilityGlobals) = postSolution
		SolutionGuid = {967FBFE3-3F62-4693-8019-0E51522FB720}
	EndGlobalSection
EndGlobal
