
Microsoft Visual Studio Solution File, Format Version 12.00
# Visual Studio 15
VisualStudioVersion = 15.0.28307.329
MinimumVisualStudioVersion = 10.0.40219.1
Project("{FAE04EC0-301F-11D3-BF4B-00C04F79EFBC}") = "MyQueue", "MyQueue\MyQueue.csproj", "{FA488F50-743A-48B5-86FD-3C166D91E3D9}"
EndProject
Global
	GlobalSection(SolutionConfigurationPlatforms) = preSolution
		Debug|Any CPU = Debug|Any CPU
		Release|Any CPU = Release|Any CPU
	EndGlobalSection
	GlobalSection(ProjectConfigurationPlatforms) = postSolution
		{FA488F50-743A-48B5-86FD-3C166D91E3D9}.Debug|Any CPU.ActiveCfg = Debug|Any CPU
		{FA488F50-743A-48B5-86FD-3C166D91E3D9}.Debug|Any CPU.Build.0 = Debug|Any CPU
		{FA488F50-743A-48B5-86FD-3C166D91E3D9}.Release|Any CPU.ActiveCfg = Release|Any CPU
		{FA488F50-743A-48B5-86FD-3C166D91E3D9}.Release|Any CPU.Build.0 = Release|Any CPU
	EndGlobalSection
	GlobalSection(SolutionProperties) = preSolution
		HideSolutionNode = FALSE
	EndGlobalSection
	GlobalSection(ExtensibilityGlobals) = postSolution
		SolutionGuid = {B965815B-D9DC-46F8-A344-59DB8D5C043F}
	EndGlobalSection
EndGlobal
