
Microsoft Visual Studio Solution File, Format Version 12.00
# Visual Studio 15
VisualStudioVersion = 15.0.28307.757
MinimumVisualStudioVersion = 10.0.40219.1
Project("{FAE04EC0-301F-11D3-BF4B-00C04F79EFBC}") = "Amigo Inoa", "Amigo Inoa\Amigo Inoa.csproj", "{41684B56-8F25-4676-81D9-DA86E6395D74}"
EndProject
Global
	GlobalSection(SolutionConfigurationPlatforms) = preSolution
		Debug|Any CPU = Debug|Any CPU
		Release|Any CPU = Release|Any CPU
	EndGlobalSection
	GlobalSection(ProjectConfigurationPlatforms) = postSolution
		{41684B56-8F25-4676-81D9-DA86E6395D74}.Debug|Any CPU.ActiveCfg = Debug|Any CPU
		{41684B56-8F25-4676-81D9-DA86E6395D74}.Debug|Any CPU.Build.0 = Debug|Any CPU
		{41684B56-8F25-4676-81D9-DA86E6395D74}.Release|Any CPU.ActiveCfg = Release|Any CPU
		{41684B56-8F25-4676-81D9-DA86E6395D74}.Release|Any CPU.Build.0 = Release|Any CPU
	EndGlobalSection
	GlobalSection(SolutionProperties) = preSolution
		HideSolutionNode = FALSE
	EndGlobalSection
	GlobalSection(ExtensibilityGlobals) = postSolution
		SolutionGuid = {66C2398A-1445-44AB-A24D-72FEC9DA7815}
	EndGlobalSection
EndGlobal
