
Microsoft Visual Studio Solution File, Format Version 12.00
# Visual Studio 15
VisualStudioVersion = 15.0.28307.645
MinimumVisualStudioVersion = 10.0.40219.1
Project("{FAE04EC0-301F-11D3-BF4B-00C04F79EFBC}") = "LAB2X", "LAB2X\LAB2X.csproj", "{E6C1A72D-8DC5-4ADA-9C4E-119B401DD648}"
EndProject
Global
	GlobalSection(SolutionConfigurationPlatforms) = preSolution
		Debug|Any CPU = Debug|Any CPU
		Release|Any CPU = Release|Any CPU
	EndGlobalSection
	GlobalSection(ProjectConfigurationPlatforms) = postSolution
		{E6C1A72D-8DC5-4ADA-9C4E-119B401DD648}.Debug|Any CPU.ActiveCfg = Debug|Any CPU
		{E6C1A72D-8DC5-4ADA-9C4E-119B401DD648}.Debug|Any CPU.Build.0 = Debug|Any CPU
		{E6C1A72D-8DC5-4ADA-9C4E-119B401DD648}.Release|Any CPU.ActiveCfg = Release|Any CPU
		{E6C1A72D-8DC5-4ADA-9C4E-119B401DD648}.Release|Any CPU.Build.0 = Release|Any CPU
	EndGlobalSection
	GlobalSection(SolutionProperties) = preSolution
		HideSolutionNode = FALSE
	EndGlobalSection
	GlobalSection(ExtensibilityGlobals) = postSolution
		SolutionGuid = {C0F4F75D-D1E0-4603-BDAE-66CEAF631687}
	EndGlobalSection
EndGlobal
